Microsoft Visual Studio Solution File, Format Version 11.00
# Visual Studio 2010
Project("{2150E333-8FDC-42A3-9474-1A3956D46DE8}") = "libs", "libs", "{E2D40310-9541-4F17-8685-E376F8A07DBB}"
EndProject
Project("{2150E333-8FDC-42A3-9474-1A3956D46DE8}") = "Tests", "Tests", "{42BFFD48-878D-4BC2-9C5A-561624DB97FB}"
EndProject
Project("{8BC9CEB8-8B4A-11D0-8D11-00A0C91BC942}") = "ItemAssistant", "ItemAssistant\ItemAssistant.vcxproj", "{93E190D1-3E5B-4B19-BE87-5A820D7A8B14}"
	ProjectSection(ProjectDependencies) = postProject
		{A3A84737-5017-4577-B8A2-79429A25B8B6} = {A3A84737-5017-4577-B8A2-79429A25B8B6}
		{290D9865-CE5D-4C67-A89D-F1094B0112DB} = {290D9865-CE5D-4C67-A89D-F1094B0112DB}
		{29E7696B-2CE6-40E9-B732-DC54B368470C} = {29E7696B-2CE6-40E9-B732-DC54B368470C}
		{6096D08E-50BF-444C-B40E-DC1A8BE4166C} = {6096D08E-50BF-444C-B40E-DC1A8BE4166C}
	EndProjectSection
EndProject
Project("{8BC9CEB8-8B4A-11D0-8D11-00A0C91BC942}") = "ItemAssistantHook", "ItemAssistantHook\ItemAssistantHook.vcxproj", "{CF2ED5B5-5E2B-4BB5-8A68-A95AE576599C}"
	ProjectSection(ProjectDependencies) = postProject
		{A91EC33D-AC2C-4833-BA5C-5124CEA3B83B} = {A91EC33D-AC2C-4833-BA5C-5124CEA3B83B}
	EndProjectSection
EndProject
Project("{8BC9CEB8-8B4A-11D0-8D11-00A0C91BC942}") = "shared", "Shared\shared.vcxproj", "{370E1E96-79A9-4C9D-83B2-6E8298A90655}"
	ProjectSection(ProjectDependencies) = postProject
		{290D9865-CE5D-4C67-A89D-F1094B0112DB} = {290D9865-CE5D-4C67-A89D-F1094B0112DB}
	EndProjectSection
EndProject
Project("{8BC9CEB8-8B4A-11D0-8D11-00A0C91BC942}") = "PluginSDK", "PluginSDK\PluginSDK.vcxproj", "{27846E26-FA81-4B43-997D-62B0338F1A37}"
EndProject
Project("{8BC9CEB8-8B4A-11D0-8D11-00A0C91BC942}") = "AORipper", "AORipper\AORipper.vcxproj", "{297D180C-B61D-4336-A206-28D9BD9849BB}"
	ProjectSection(ProjectDependencies) = postProject
		{290D9865-CE5D-4C67-A89D-F1094B0112DB} = {290D9865-CE5D-4C67-A89D-F1094B0112DB}
	EndProjectSection
EndProject
Project("{8BC9CEB8-8B4A-11D0-8D11-00A0C91BC942}") = "ItemAssistantCore", "ItemAssistantCore\ItemAssistantCore.vcxproj", "{D9EFFCC4-4544-4E8F-9920-2F7CD55D814B}"
	ProjectSection(ProjectDependencies) = postProject
		{A3A84737-5017-4577-B8A2-79429A25B8B6} = {A3A84737-5017-4577-B8A2-79429A25B8B6}
	EndProjectSection
EndProject
Project("{8BC9CEB8-8B4A-11D0-8D11-00A0C91BC942}") = "Parsers", "Parsers\Parsers.vcxproj", "{85CB52A8-5C89-459C-9175-2D55E93A5375}"
EndProject
Project("{8BC9CEB8-8B4A-11D0-8D11-00A0C91BC942}") = "ParsersTests", "ParsersTests\ParsersTests.vcxproj", "{9B460081-763A-4E1B-B587-E80876E00B4B}"
	ProjectSection(ProjectDependencies) = postProject
		{C8F6C172-56F2-4E76-B5FA-C3B423B31BE8} = {C8F6C172-56F2-4E76-B5FA-C3B423B31BE8}
	EndProjectSection
EndProject
Project("{8BC9CEB8-8B4A-11D0-8D11-00A0C91BC942}") = "tinyxmlSTL", "..\deps\tinyxml\tinyxmlSTL.vcxproj", "{A3A84737-5017-4577-B8A2-79429A25B8B6}"
EndProject
Project("{8BC9CEB8-8B4A-11D0-8D11-00A0C91BC942}") = "sqlite", "..\deps\sqlite\sqlite.vcxproj", "{290D9865-CE5D-4C67-A89D-F1094B0112DB}"
EndProject
Project("{2150E333-8FDC-42A3-9474-1A3956D46DE8}") = "3rd party libs", "3rd party libs", "{0C7E3F67-07FA-4F9D-9A0C-D0AED6B7773B}"
EndProject
Project("{8BC9CEB8-8B4A-11D0-8D11-00A0C91BC942}") = "gtest-md", "..\deps\gtest-1.6.0\msvc\gtest-md.vcxproj", "{C8F6C172-56F2-4E76-B5FA-C3B423B31BE8}"
EndProject
Project("{8BC9CEB8-8B4A-11D0-8D11-00A0C91BC942}") = "Detours", "..\deps\Detours\Detours.vcxproj", "{A91EC33D-AC2C-4833-BA5C-5124CEA3B83B}"
EndProject
Project("{8BC9CEB8-8B4A-11D0-8D11-00A0C91BC942}") = "csvexport", "csvexport\csvexport.vcxproj", "{29E7696B-2CE6-40E9-B732-DC54B368470C}"
EndProject
Project("{8BC9CEB8-8B4A-11D0-8D11-00A0C91BC942}") = "datagrid", "datagrid\datagrid.vcxproj", "{6096D08E-50BF-444C-B40E-DC1A8BE4166C}"
EndProject
Project("{8BC9CEB8-8B4A-11D0-8D11-00A0C91BC942}") = "csvexporttests", "csvexporttests\csvexporttest.vcxproj", "{969E2106-6211-4DE0-98DB-C1832BC99A51}"
	ProjectSection(ProjectDependencies) = postProject
		{29E7696B-2CE6-40E9-B732-DC54B368470C} = {29E7696B-2CE6-40E9-B732-DC54B368470C}
		{6096D08E-50BF-444C-B40E-DC1A8BE4166C} = {6096D08E-50BF-444C-B40E-DC1A8BE4166C}
		{370E1E96-79A9-4C9D-83B2-6E8298A90655} = {370E1E96-79A9-4C9D-83B2-6E8298A90655}
	EndProjectSection
EndProject
Project("{8BC9CEB8-8B4A-11D0-8D11-00A0C91BC942}") = "settings", "settings\settings.vcxproj", "{49A0704E-0EB7-4DF3-884E-29BCBA7EC86C}"
EndProject
Global
	GlobalSection(SolutionConfigurationPlatforms) = preSolution
		Debug|Win32 = Debug|Win32
		Release|Win32 = Release|Win32
	EndGlobalSection
	GlobalSection(ProjectConfigurationPlatforms) = postSolution
		{93E190D1-3E5B-4B19-BE87-5A820D7A8B14}.Debug|Win32.ActiveCfg = Debug|Win32
		{93E190D1-3E5B-4B19-BE87-5A820D7A8B14}.Debug|Win32.Build.0 = Debug|Win32
		{93E190D1-3E5B-4B19-BE87-5A820D7A8B14}.Release|Win32.ActiveCfg = Release|Win32
		{93E190D1-3E5B-4B19-BE87-5A820D7A8B14}.Release|Win32.Build.0 = Release|Win32
		{CF2ED5B5-5E2B-4BB5-8A68-A95AE576599C}.Debug|Win32.ActiveCfg = Debug|Win32
		{CF2ED5B5-5E2B-4BB5-8A68-A95AE576599C}.Debug|Win32.Build.0 = Debug|Win32
		{CF2ED5B5-5E2B-4BB5-8A68-A95AE576599C}.Release|Win32.ActiveCfg = Release|Win32
		{CF2ED5B5-5E2B-4BB5-8A68-A95AE576599C}.Release|Win32.Build.0 = Release|Win32
		{370E1E96-79A9-4C9D-83B2-6E8298A90655}.Debug|Win32.ActiveCfg = Debug|Win32
		{370E1E96-79A9-4C9D-83B2-6E8298A90655}.Debug|Win32.Build.0 = Debug|Win32
		{370E1E96-79A9-4C9D-83B2-6E8298A90655}.Release|Win32.ActiveCfg = Release|Win32
		{370E1E96-79A9-4C9D-83B2-6E8298A90655}.Release|Win32.Build.0 = Release|Win32
		{27846E26-FA81-4B43-997D-62B0338F1A37}.Debug|Win32.ActiveCfg = Debug|Win32
		{27846E26-FA81-4B43-997D-62B0338F1A37}.Debug|Win32.Build.0 = Debug|Win32
		{27846E26-FA81-4B43-997D-62B0338F1A37}.Release|Win32.ActiveCfg = Release|Win32
		{27846E26-FA81-4B43-997D-62B0338F1A37}.Release|Win32.Build.0 = Release|Win32
		{297D180C-B61D-4336-A206-28D9BD9849BB}.Debug|Win32.ActiveCfg = Debug|Win32
		{297D180C-B61D-4336-A206-28D9BD9849BB}.Debug|Win32.Build.0 = Debug|Win32
		{297D180C-B61D-4336-A206-28D9BD9849BB}.Release|Win32.ActiveCfg = Release|Win32
		{297D180C-B61D-4336-A206-28D9BD9849BB}.Release|Win32.Build.0 = Release|Win32
		{D9EFFCC4-4544-4E8F-9920-2F7CD55D814B}.Debug|Win32.ActiveCfg = Debug|Win32
		{D9EFFCC4-4544-4E8F-9920-2F7CD55D814B}.Debug|Win32.Build.0 = Debug|Win32
		{D9EFFCC4-4544-4E8F-9920-2F7CD55D814B}.Release|Win32.ActiveCfg = Release|Win32
		{D9EFFCC4-4544-4E8F-9920-2F7CD55D814B}.Release|Win32.Build.0 = Release|Win32
		{85CB52A8-5C89-459C-9175-2D55E93A5375}.Debug|Win32.ActiveCfg = Debug|Win32
		{85CB52A8-5C89-459C-9175-2D55E93A5375}.Debug|Win32.Build.0 = Debug|Win32
		{85CB52A8-5C89-459C-9175-2D55E93A5375}.Release|Win32.ActiveCfg = Release|Win32
		{85CB52A8-5C89-459C-9175-2D55E93A5375}.Release|Win32.Build.0 = Release|Win32
		{9B460081-763A-4E1B-B587-E80876E00B4B}.Debug|Win32.ActiveCfg = Debug|Win32
		{9B460081-763A-4E1B-B587-E80876E00B4B}.Debug|Win32.Build.0 = Debug|Win32
		{9B460081-763A-4E1B-B587-E80876E00B4B}.Release|Win32.ActiveCfg = Release|Win32
		{9B460081-763A-4E1B-B587-E80876E00B4B}.Release|Win32.Build.0 = Release|Win32
		{A3A84737-5017-4577-B8A2-79429A25B8B6}.Debug|Win32.ActiveCfg = Debug|Win32
		{A3A84737-5017-4577-B8A2-79429A25B8B6}.Debug|Win32.Build.0 = Debug|Win32
		{A3A84737-5017-4577-B8A2-79429A25B8B6}.Release|Win32.ActiveCfg = Release|Win32
		{A3A84737-5017-4577-B8A2-79429A25B8B6}.Release|Win32.Build.0 = Release|Win32
		{290D9865-CE5D-4C67-A89D-F1094B0112DB}.Debug|Win32.ActiveCfg = Debug|Win32
		{290D9865-CE5D-4C67-A89D-F1094B0112DB}.Debug|Win32.Build.0 = Debug|Win32
		{290D9865-CE5D-4C67-A89D-F1094B0112DB}.Release|Win32.ActiveCfg = Release|Win32
		{290D9865-CE5D-4C67-A89D-F1094B0112DB}.Release|Win32.Build.0 = Release|Win32
		{C8F6C172-56F2-4E76-B5FA-C3B423B31BE8}.Debug|Win32.ActiveCfg = Debug|Win32
		{C8F6C172-56F2-4E76-B5FA-C3B423B31BE8}.Debug|Win32.Build.0 = Debug|Win32
		{C8F6C172-56F2-4E76-B5FA-C3B423B31BE8}.Release|Win32.ActiveCfg = Release|Win32
		{C8F6C172-56F2-4E76-B5FA-C3B423B31BE8}.Release|Win32.Build.0 = Release|Win32
		{A91EC33D-AC2C-4833-BA5C-5124CEA3B83B}.Debug|Win32.ActiveCfg = Debug|Win32
		{A91EC33D-AC2C-4833-BA5C-5124CEA3B83B}.Debug|Win32.Build.0 = Debug|Win32
		{A91EC33D-AC2C-4833-BA5C-5124CEA3B83B}.Release|Win32.ActiveCfg = Release|Win32
		{A91EC33D-AC2C-4833-BA5C-5124CEA3B83B}.Release|Win32.Build.0 = Release|Win32
		{29E7696B-2CE6-40E9-B732-DC54B368470C}.Debug|Win32.ActiveCfg = Debug|Win32
		{29E7696B-2CE6-40E9-B732-DC54B368470C}.Debug|Win32.Build.0 = Debug|Win32
		{29E7696B-2CE6-40E9-B732-DC54B368470C}.Release|Win32.ActiveCfg = Release|Win32
		{29E7696B-2CE6-40E9-B732-DC54B368470C}.Release|Win32.Build.0 = Release|Win32
		{6096D08E-50BF-444C-B40E-DC1A8BE4166C}.Debug|Win32.ActiveCfg = Debug|Win32
		{6096D08E-50BF-444C-B40E-DC1A8BE4166C}.Debug|Win32.Build.0 = Debug|Win32
		{6096D08E-50BF-444C-B40E-DC1A8BE4166C}.Release|Win32.ActiveCfg = Release|Win32
		{6096D08E-50BF-444C-B40E-DC1A8BE4166C}.Release|Win32.Build.0 = Release|Win32
		{969E2106-6211-4DE0-98DB-C1832BC99A51}.Debug|Win32.ActiveCfg = Debug|Win32
		{969E2106-6211-4DE0-98DB-C1832BC99A51}.Debug|Win32.Build.0 = Debug|Win32
		{969E2106-6211-4DE0-98DB-C1832BC99A51}.Release|Win32.ActiveCfg = Release|Win32
		{969E2106-6211-4DE0-98DB-C1832BC99A51}.Release|Win32.Build.0 = Release|Win32
		{49A0704E-0EB7-4DF3-884E-29BCBA7EC86C}.Debug|Win32.ActiveCfg = Debug|Win32
		{49A0704E-0EB7-4DF3-884E-29BCBA7EC86C}.Debug|Win32.Build.0 = Debug|Win32
		{49A0704E-0EB7-4DF3-884E-29BCBA7EC86C}.Release|Win32.ActiveCfg = Release|Win32
		{49A0704E-0EB7-4DF3-884E-29BCBA7EC86C}.Release|Win32.Build.0 = Release|Win32
	EndGlobalSection
	GlobalSection(SolutionProperties) = preSolution
		HideSolutionNode = FALSE
	EndGlobalSection
	GlobalSection(NestedProjects) = preSolution
		{370E1E96-79A9-4C9D-83B2-6E8298A90655} = {E2D40310-9541-4F17-8685-E376F8A07DBB}
		{27846E26-FA81-4B43-997D-62B0338F1A37} = {E2D40310-9541-4F17-8685-E376F8A07DBB}
		{85CB52A8-5C89-459C-9175-2D55E93A5375} = {E2D40310-9541-4F17-8685-E376F8A07DBB}
		{29E7696B-2CE6-40E9-B732-DC54B368470C} = {E2D40310-9541-4F17-8685-E376F8A07DBB}
		{6096D08E-50BF-444C-B40E-DC1A8BE4166C} = {E2D40310-9541-4F17-8685-E376F8A07DBB}
		{49A0704E-0EB7-4DF3-884E-29BCBA7EC86C} = {E2D40310-9541-4F17-8685-E376F8A07DBB}
		{9B460081-763A-4E1B-B587-E80876E00B4B} = {42BFFD48-878D-4BC2-9C5A-561624DB97FB}
		{969E2106-6211-4DE0-98DB-C1832BC99A51} = {42BFFD48-878D-4BC2-9C5A-561624DB97FB}
		{290D9865-CE5D-4C67-A89D-F1094B0112DB} = {0C7E3F67-07FA-4F9D-9A0C-D0AED6B7773B}
		{A3A84737-5017-4577-B8A2-79429A25B8B6} = {0C7E3F67-07FA-4F9D-9A0C-D0AED6B7773B}
		{C8F6C172-56F2-4E76-B5FA-C3B423B31BE8} = {0C7E3F67-07FA-4F9D-9A0C-D0AED6B7773B}
		{A91EC33D-AC2C-4833-BA5C-5124CEA3B83B} = {0C7E3F67-07FA-4F9D-9A0C-D0AED6B7773B}
	EndGlobalSection
EndGlobal
